Microsoft Visual Studio Solution File, Format Version 12.00
# Visual Studio Version 16
VisualStudioVersion = 16.0.29215.179
MinimumVisualStudioVersion = 10.0.40219.1
Project("{9A19103F-16F7-4668-BE54-9A1E7A4F7556}") = "Blister", "Blister\Blister.csproj", "{FEF19008-6834-4EEA-9566-9D2F24B0AD1E}"
EndProject
Project("{9A19103F-16F7-4668-BE54-9A1E7A4F7556}") = "Blister.Conversion", "Blister.Conversion\Blister.Conversion.csproj", "{984365BA-3BD9-4836-81EA-C52BD77E4CA3}"
EndProject
Project("{9A19103F-16F7-4668-BE54-9A1E7A4F7556}") = "PlaylistConverter", "PlaylistConverter\PlaylistConverter.csproj", "{BF01524D-5072-4FC5-ABFB-84E18DCDC808}"
EndProject
Global
	GlobalSection(SolutionConfigurationPlatforms) = preSolution
		Debug|Any CPU = Debug|Any CPU
		Release|Any CPU = Release|Any CPU
	EndGlobalSection
	GlobalSection(ProjectConfigurationPlatforms) = postSolution
		{FEF19008-6834-4EEA-9566-9D2F24B0AD1E}.Debug|Any CPU.ActiveCfg = Debug|Any CPU
		{FEF19008-6834-4EEA-9566-9D2F24B0AD1E}.Debug|Any CPU.Build.0 = Debug|Any CPU
		{FEF19008-6834-4EEA-9566-9D2F24B0AD1E}.Release|Any CPU.ActiveCfg = Release|Any CPU
		{FEF19008-6834-4EEA-9566-9D2F24B0AD1E}.Release|Any CPU.Build.0 = Release|Any CPU
		{984365BA-3BD9-4836-81EA-C52BD77E4CA3}.Debug|Any CPU.ActiveCfg = Debug|Any CPU
		{984365BA-3BD9-4836-81EA-C52BD77E4CA3}.Debug|Any CPU.Build.0 = Debug|Any CPU
		{984365BA-3BD9-4836-81EA-C52BD77E4CA3}.Release|Any CPU.ActiveCfg = Release|Any CPU
		{984365BA-3BD9-4836-81EA-C52BD77E4CA3}.Release|Any CPU.Build.0 = Release|Any CPU
		{BF01524D-5072-4FC5-ABFB-84E18DCDC808}.Debug|Any CPU.ActiveCfg = Debug|Any CPU
		{BF01524D-5072-4FC5-ABFB-84E18DCDC808}.Debug|Any CPU.Build.0 = Debug|Any CPU
		{BF01524D-5072-4FC5-ABFB-84E18DCDC808}.Release|Any CPU.ActiveCfg = Release|Any CPU
		{BF01524D-5072-4FC5-ABFB-84E18DCDC808}.Release|Any CPU.Build.0 = Release|Any CPU
	EndGlobalSection
	GlobalSection(SolutionProperties) = preSolution
		HideSolutionNode = FALSE
	EndGlobalSection
	GlobalSection(ExtensibilityGlobals) = postSolution
		SolutionGuid = {4B6E7CC4-B23A-4B40-9D16-79D6F38F2F47}
	EndGlobalSection
EndGlobal
